{
  "object": {
    "pins": [
      {
        "package": "KeyboardKit",
        "repositoryURL": "https://github.com/danielsaidi/KeyboardKit.git",
        "state": {
          "branch": null,
          "revision": "d5269596bf7c9e8df14c1266c5366e1e95f37352",
          "version": "3.6.0"
        }
      },
      {
        "package": "KeyboardKitSwiftUI",
        "repositoryURL": "https://github.com/danielsaidi/KeyboardKitSwiftUI",
        "state": {
          "branch": null,
          "revision": "3b782d79e5ea9f178453a00163ab76e5c3e1e507",
          "version": "3.6.0"
        }
      },
      {
        "package": "Nimble",
        "repositoryURL": "https://github.com/Quick/Nimble.git",
        "state": {
          "branch": null,
          "revision": "f8657642dfdec9973efc79cc68bcef43a653a2bc",
          "version": "8.0.2"
        }
      },
      {
        "package": "Quick",
        "repositoryURL": "https://github.com/Quick/Quick.git",
        "state": {
          "branch": null,
          "revision": "33682c2f6230c60614861dfc61df267e11a1602f",
          "version": "2.2.0"
        }
      }
    ]
  },
  "version": 1
}
