{
  "pins" : [
    {
      "identity" : "googleinputtools",
      "kind" : "remoteSourceControl",
      "location" : "https://github.com/slam/GoogleInputTools",
      "state" : {
        "branch" : "main",
        "revision" : "97d5221e449bf5f60fc1aaae7e19820b0f2eedc7"
      }
    },
    {
      "identity" : "keyboardkit",
      "kind" : "remoteSourceControl",
      "location" : "https://github.com/danielsaidi/KeyboardKit.git",
      "state" : {
        "revision" : "08fa552d785b015857e24043dc447a7cac257734",
        "version" : "6.3.1"
      }
    },
    {
      "identity" : "swiftuikit",
      "kind" : "remoteSourceControl",
      "location" : "https://github.com/danielsaidi/SwiftUIKit",
      "state" : {
        "revision" : "715b480a77ce89e6c21efff334bd981ea038ad2b",
        "version" : "2.9.1"
      }
    }
  ],
  "version" : 2
}
