// !$*UTF8*$!
{
	archiveVersion = 1;
	classes = {
	};
	objectVersion = 52;
	objects = {

/* Begin PBXBuildFile section */
		7536673023BD5C7A00FDB7D0 /* KeyboardKit in Frameworks */ = {isa = PBXBuildFile; productRef = 7536672F23BD5C7A00FDB7D0 /* KeyboardKit */; };
		7536673223BD619E00FDB7D0 /* KeyboardKit in Frameworks */ = {isa = PBXBuildFile; productRef = 7536673123BD619E00FDB7D0 /* KeyboardKit */; };
		75877FE223C1126400DEBDC7 /* GoogleInputTools in Frameworks */ = {isa = PBXBuildFile; productRef = 75877FE123C1126400DEBDC7 /* GoogleInputTools */; };
		84086E30235587DC0030D95A /* KeyboardViewController+Buttons.swift in Sources */ = {isa = PBXBuildFile; fileRef = 84086E2F235587DC0030D95A /* KeyboardViewController+Buttons.swift */; };
		84086E32235588200030D95A /* KeyboardViewController+Autocomplete.swift in Sources */ = {isa = PBXBuildFile; fileRef = 84086E31235588200030D95A /* KeyboardViewController+Autocomplete.swift */; };
		84086E3423558C0F0030D95A /* KeyboardViewController+Setup.swift in Sources */ = {isa = PBXBuildFile; fileRef = 84086E3323558C0F0030D95A /* KeyboardViewController+Setup.swift */; };
		84670448234A709400355331 /* AppDelegate.swift in Sources */ = {isa = PBXBuildFile; fileRef = 84670447234A709400355331 /* AppDelegate.swift */; };
		8467044A234A709400355331 /* SceneDelegate.swift in Sources */ = {isa = PBXBuildFile; fileRef = 84670449234A709400355331 /* SceneDelegate.swift */; };
		8467044C234A709400355331 /* ViewController.swift in Sources */ = {isa = PBXBuildFile; fileRef = 8467044B234A709400355331 /* ViewController.swift */; };
		8467044F234A709400355331 /* Main.storyboard in Resources */ = {isa = PBXBuildFile; fileRef = 8467044D234A709400355331 /* Main.storyboard */; };
		84670454234A709500355331 /* LaunchScreen.storyboard in Resources */ = {isa = PBXBuildFile; fileRef = 84670452234A709500355331 /* LaunchScreen.storyboard */; };
		84670460234A711100355331 /* KeyboardViewController.swift in Sources */ = {isa = PBXBuildFile; fileRef = 8467045F234A711100355331 /* KeyboardViewController.swift */; };
		84670464234A711100355331 /* HongKongKeyboard.appex in Embed App Extensions */ = {isa = PBXBuildFile; fileRef = 8467045D234A711100355331 /* HongKongKeyboard.appex */; settings = {ATTRIBUTES = (RemoveHeadersOnCopy, ); }; };
		84670488234A718C00355331 /* Assets.swift in Sources */ = {isa = PBXBuildFile; fileRef = 8467046A234A718C00355331 /* Assets.swift */; };
		84670489234A718C00355331 /* Colors.xcassets in Resources */ = {isa = PBXBuildFile; fileRef = 8467046B234A718C00355331 /* Colors.xcassets */; };
		8467048A234A718C00355331 /* Images.xcassets in Resources */ = {isa = PBXBuildFile; fileRef = 8467046C234A718C00355331 /* Images.xcassets */; };
		846704B3234A725300355331 /* HongKongKeyboardActionHandler.swift in Sources */ = {isa = PBXBuildFile; fileRef = 846704A6234A725300355331 /* HongKongKeyboardActionHandler.swift */; };
		846704B4234A725300355331 /* HongKongKeyboardButton.swift in Sources */ = {isa = PBXBuildFile; fileRef = 846704A8234A725300355331 /* HongKongKeyboardButton.swift */; };
		846704B5234A725300355331 /* HongKongKeyboardButton.xib in Resources */ = {isa = PBXBuildFile; fileRef = 846704A9234A725300355331 /* HongKongKeyboardButton.xib */; };
		846704B6234A725300355331 /* HongKongAutocompleteLabel.swift in Sources */ = {isa = PBXBuildFile; fileRef = 846704AA234A725300355331 /* HongKongAutocompleteLabel.swift */; };
		846704B7234A725300355331 /* NumericKeyboard.swift in Sources */ = {isa = PBXBuildFile; fileRef = 846704AC234A725300355331 /* NumericKeyboard.swift */; };
		846704B8234A725300355331 /* AlphabeticKeyboard.swift in Sources */ = {isa = PBXBuildFile; fileRef = 846704AD234A725300355331 /* AlphabeticKeyboard.swift */; };
		846704B9234A725300355331 /* SymbolicKeyboard.swift in Sources */ = {isa = PBXBuildFile; fileRef = 846704AE234A725300355331 /* SymbolicKeyboard.swift */; };
		846704BA234A725300355331 /* HongKongKeyboard.swift in Sources */ = {isa = PBXBuildFile; fileRef = 846704AF234A725300355331 /* HongKongKeyboard.swift */; };
		846704BE234A727F00355331 /* Assets.swift in Sources */ = {isa = PBXBuildFile; fileRef = 8467046A234A718C00355331 /* Assets.swift */; };
		846704BF234A727F00355331 /* Colors.xcassets in Resources */ = {isa = PBXBuildFile; fileRef = 8467046B234A718C00355331 /* Colors.xcassets */; };
		846704C0234A727F00355331 /* Images.xcassets in Resources */ = {isa = PBXBuildFile; fileRef = 8467046C234A718C00355331 /* Images.xcassets */; };
/* End PBXBuildFile section */

/* Begin PBXContainerItemProxy section */
		84670462234A711100355331 /* PBXContainerItemProxy */ = {
			isa = PBXContainerItemProxy;
			containerPortal = OBJ_1 /* Project object */;
			proxyType = 1;
			remoteGlobalIDString = 8467045C234A711100355331;
			remoteInfo = HongKongKeyboard;
		};
/* End PBXContainerItemProxy section */

/* Begin PBXCopyFilesBuildPhase section */
		84670468234A711100355331 /* Embed App Extensions */ = {
			isa = PBXCopyFilesBuildPhase;
			buildActionMask = 2147483647;
			dstPath = "";
			dstSubfolderSpec = 13;
			files = (
				84670464234A711100355331 /* HongKongKeyboard.appex in Embed App Extensions */,
			);
			name = "Embed App Extensions";
			runOnlyForDeploymentPostprocessing = 0;
		};
		84670510234A745A00355331 /* Embed Frameworks */ = {
			isa = PBXCopyFilesBuildPhase;
			buildActionMask = 2147483647;
			dstPath = "";
			dstSubfolderSpec = 10;
			files = (
			);
			name = "Embed Frameworks";
			runOnlyForDeploymentPostprocessing = 0;
		};
		84670515234A745E00355331 /* Embed Frameworks */ = {
			isa = PBXCopyFilesBuildPhase;
			buildActionMask = 2147483647;
			dstPath = "";
			dstSubfolderSpec = 10;
			files = (
			);
			name = "Embed Frameworks";
			runOnlyForDeploymentPostprocessing = 0;
		};
/* End PBXCopyFilesBuildPhase section */

/* Begin PBXFileReference section */
		75877FE023C1085C00DEBDC7 /* GoogleInputTools */ = {isa = PBXFileReference; lastKnownFileType = folder; path = GoogleInputTools; sourceTree = "<group>"; };
		84086E2F235587DC0030D95A /* KeyboardViewController+Buttons.swift */ = {isa = PBXFileReference; lastKnownFileType = sourcecode.swift; path = "KeyboardViewController+Buttons.swift"; sourceTree = "<group>"; };
		84086E31235588200030D95A /* KeyboardViewController+Autocomplete.swift */ = {isa = PBXFileReference; lastKnownFileType = sourcecode.swift; path = "KeyboardViewController+Autocomplete.swift"; sourceTree = "<group>"; };
		84086E3323558C0F0030D95A /* KeyboardViewController+Setup.swift */ = {isa = PBXFileReference; lastKnownFileType = sourcecode.swift; path = "KeyboardViewController+Setup.swift"; sourceTree = "<group>"; };
		84670426234A6A9E00355331 /* .swiftlint.yml */ = {isa = PBXFileReference; lastKnownFileType = text.yaml; path = .swiftlint.yml; sourceTree = "<group>"; };
		84670427234A6A9E00355331 /* .gitignore */ = {isa = PBXFileReference; lastKnownFileType = text; path = .gitignore; sourceTree = "<group>"; };
		84670445234A709400355331 /* HongKongKeyboardApp.app */ = {isa = PBXFileReference; explicitFileType = wrapper.application; includeInIndex = 0; path = HongKongKeyboardApp.app; sourceTree = BUILT_PRODUCTS_DIR; };
		84670447234A709400355331 /* AppDelegate.swift */ = {isa = PBXFileReference; lastKnownFileType = sourcecode.swift; path = AppDelegate.swift; sourceTree = "<group>"; };
		84670449234A709400355331 /* SceneDelegate.swift */ = {isa = PBXFileReference; lastKnownFileType = sourcecode.swift; path = SceneDelegate.swift; sourceTree = "<group>"; };
		8467044B234A709400355331 /* ViewController.swift */ = {isa = PBXFileReference; lastKnownFileType = sourcecode.swift; path = ViewController.swift; sourceTree = "<group>"; };
		8467044E234A709400355331 /* Base */ = {isa = PBXFileReference; lastKnownFileType = file.storyboard; name = Base; path = Base.lproj/Main.storyboard; sourceTree = "<group>"; };
		84670453234A709500355331 /* Base */ = {isa = PBXFileReference; lastKnownFileType = file.storyboard; name = Base; path = Base.lproj/LaunchScreen.storyboard; sourceTree = "<group>"; };
		84670455234A709500355331 /* Info.plist */ = {isa = PBXFileReference; lastKnownFileType = text.plist.xml; path = Info.plist; sourceTree = "<group>"; };
		8467045D234A711100355331 /* HongKongKeyboard.appex */ = {isa = PBXFileReference; explicitFileType = "wrapper.app-extension"; includeInIndex = 0; path = HongKongKeyboard.appex; sourceTree = BUILT_PRODUCTS_DIR; };
		8467045F234A711100355331 /* KeyboardViewController.swift */ = {isa = PBXFileReference; lastKnownFileType = sourcecode.swift; path = KeyboardViewController.swift; sourceTree = "<group>"; };
		84670461234A711100355331 /* Info.plist */ = {isa = PBXFileReference; lastKnownFileType = text.plist.xml; path = Info.plist; sourceTree = "<group>"; };
		8467046A234A718C00355331 /* Assets.swift */ = {isa = PBXFileReference; fileEncoding = 4; lastKnownFileType = sourcecode.swift; path = Assets.swift; sourceTree = "<group>"; };
		8467046B234A718C00355331 /* Colors.xcassets */ = {isa = PBXFileReference; lastKnownFileType = folder.assetcatalog; path = Colors.xcassets; sourceTree = "<group>"; };
		8467046C234A718C00355331 /* Images.xcassets */ = {isa = PBXFileReference; lastKnownFileType = folder.assetcatalog; path = Images.xcassets; sourceTree = "<group>"; };
		846704A6234A725300355331 /* HongKongKeyboardActionHandler.swift */ = {isa = PBXFileReference; fileEncoding = 4; lastKnownFileType = sourcecode.swift; path = HongKongKeyboardActionHandler.swift; sourceTree = "<group>"; };
		846704A8234A725300355331 /* HongKongKeyboardButton.swift */ = {isa = PBXFileReference; fileEncoding = 4; lastKnownFileType = sourcecode.swift; path = HongKongKeyboardButton.swift; sourceTree = "<group>"; };
		846704A9234A725300355331 /* HongKongKeyboardButton.xib */ = {isa = PBXFileReference; fileEncoding = 4; lastKnownFileType = file.xib; path = HongKongKeyboardButton.xib; sourceTree = "<group>"; };
		846704AA234A725300355331 /* HongKongAutocompleteLabel.swift */ = {isa = PBXFileReference; fileEncoding = 4; lastKnownFileType = sourcecode.swift; path = HongKongAutocompleteLabel.swift; sourceTree = "<group>"; };
		846704AC234A725300355331 /* NumericKeyboard.swift */ = {isa = PBXFileReference; fileEncoding = 4; lastKnownFileType = sourcecode.swift; path = NumericKeyboard.swift; sourceTree = "<group>"; };
		846704AD234A725300355331 /* AlphabeticKeyboard.swift */ = {isa = PBXFileReference; fileEncoding = 4; lastKnownFileType = sourcecode.swift; path = AlphabeticKeyboard.swift; sourceTree = "<group>"; };
		846704AE234A725300355331 /* SymbolicKeyboard.swift */ = {isa = PBXFileReference; fileEncoding = 4; lastKnownFileType = sourcecode.swift; path = SymbolicKeyboard.swift; sourceTree = "<group>"; };
		846704AF234A725300355331 /* HongKongKeyboard.swift */ = {isa = PBXFileReference; fileEncoding = 4; lastKnownFileType = sourcecode.swift; path = HongKongKeyboard.swift; sourceTree = "<group>"; };
		OBJ_246 /* swiftgen.yml */ = {isa = PBXFileReference; lastKnownFileType = text.yaml; path = swiftgen.yml; sourceTree = "<group>"; };
/* End PBXFileReference section */

/* Begin PBXFrameworksBuildPhase section */
		84670442234A709400355331 /* Frameworks */ = {
			isa = PBXFrameworksBuildPhase;
			buildActionMask = 2147483647;
			files = (
				7536673023BD5C7A00FDB7D0 /* KeyboardKit in Frameworks */,
			);
			runOnlyForDeploymentPostprocessing = 0;
		};
		8467045A234A711100355331 /* Frameworks */ = {
			isa = PBXFrameworksBuildPhase;
			buildActionMask = 2147483647;
			files = (
				75877FE223C1126400DEBDC7 /* GoogleInputTools in Frameworks */,
				7536673223BD619E00FDB7D0 /* KeyboardKit in Frameworks */,
			);
			runOnlyForDeploymentPostprocessing = 0;
		};
/* End PBXFrameworksBuildPhase section */

/* Begin PBXGroup section */
		84670425234A6A8400355331 /* Project Files */ = {
			isa = PBXGroup;
			children = (
				84670427234A6A9E00355331 /* .gitignore */,
				84670426234A6A9E00355331 /* .swiftlint.yml */,
				OBJ_246 /* swiftgen.yml */,
			);
			name = "Project Files";
			sourceTree = "<group>";
		};
		84670446234A709400355331 /* HongKongKeyboardApp */ = {
			isa = PBXGroup;
			children = (
				84670469234A718C00355331 /* Assets */,
				846704A5234A719200355331 /* Supporting Files */,
				84670447234A709400355331 /* AppDelegate.swift */,
				84670449234A709400355331 /* SceneDelegate.swift */,
				8467044B234A709400355331 /* ViewController.swift */,
			);
			path = HongKongKeyboardApp;
			sourceTree = "<group>";
		};
		8467045E234A711100355331 /* HongKongKeyboard */ = {
			isa = PBXGroup;
			children = (
				846704A7234A725300355331 /* Buttons */,
				846704AB234A725300355331 /* Keyboards */,
				846704BD234A725900355331 /* Supporting Files */,
				846704A6234A725300355331 /* HongKongKeyboardActionHandler.swift */,
				8467045F234A711100355331 /* KeyboardViewController.swift */,
				84086E31235588200030D95A /* KeyboardViewController+Autocomplete.swift */,
				84086E2F235587DC0030D95A /* KeyboardViewController+Buttons.swift */,
				84086E3323558C0F0030D95A /* KeyboardViewController+Setup.swift */,
			);
			path = HongKongKeyboard;
			sourceTree = "<group>";
		};
		84670469234A718C00355331 /* Assets */ = {
			isa = PBXGroup;
			children = (
				8467046A234A718C00355331 /* Assets.swift */,
				8467046B234A718C00355331 /* Colors.xcassets */,
				8467046C234A718C00355331 /* Images.xcassets */,
			);
			path = Assets;
			sourceTree = "<group>";
		};
		846704A5234A719200355331 /* Supporting Files */ = {
			isa = PBXGroup;
			children = (
				8467044D234A709400355331 /* Main.storyboard */,
				84670452234A709500355331 /* LaunchScreen.storyboard */,
				84670455234A709500355331 /* Info.plist */,
			);
			name = "Supporting Files";
			sourceTree = "<group>";
		};
		846704A7234A725300355331 /* Buttons */ = {
			isa = PBXGroup;
			children = (
				846704A8234A725300355331 /* HongKongKeyboardButton.swift */,
				846704A9234A725300355331 /* HongKongKeyboardButton.xib */,
				846704AA234A725300355331 /* HongKongAutocompleteLabel.swift */,
			);
			path = Buttons;
			sourceTree = "<group>";
		};
		846704AB234A725300355331 /* Keyboards */ = {
			isa = PBXGroup;
			children = (
				846704AF234A725300355331 /* HongKongKeyboard.swift */,
				846704AD234A725300355331 /* AlphabeticKeyboard.swift */,
				846704AC234A725300355331 /* NumericKeyboard.swift */,
				846704AE234A725300355331 /* SymbolicKeyboard.swift */,
			);
			path = Keyboards;
			sourceTree = "<group>";
		};
		846704BD234A725900355331 /* Supporting Files */ = {
			isa = PBXGroup;
			children = (
				84670461234A711100355331 /* Info.plist */,
			);
			name = "Supporting Files";
			sourceTree = "<group>";
		};
		8467050B234A745A00355331 /* Frameworks */ = {
			isa = PBXGroup;
			children = (
			);
			name = Frameworks;
			sourceTree = "<group>";
		};
		OBJ_231 /* Products */ = {
			isa = PBXGroup;
			children = (
				84670445234A709400355331 /* HongKongKeyboardApp.app */,
				8467045D234A711100355331 /* HongKongKeyboard.appex */,
			);
			name = Products;
			sourceTree = BUILT_PRODUCTS_DIR;
		};
		OBJ_5 = {
			isa = PBXGroup;
			children = (
				75877FE023C1085C00DEBDC7 /* GoogleInputTools */,
				84670446234A709400355331 /* HongKongKeyboardApp */,
				8467045E234A711100355331 /* HongKongKeyboard */,
				OBJ_231 /* Products */,
				84670425234A6A8400355331 /* Project Files */,
				8467050B234A745A00355331 /* Frameworks */,
			);
			sourceTree = "<group>";
		};
/* End PBXGroup section */

/* Begin PBXNativeTarget section */
		84670444234A709400355331 /* HongKongKeyboardApp */ = {
			isa = PBXNativeTarget;
			buildConfigurationList = 84670456234A709500355331 /* Build configuration list for PBXNativeTarget "HongKongKeyboardApp" */;
			buildPhases = (
				84670441234A709400355331 /* Sources */,
				84670442234A709400355331 /* Frameworks */,
				84670443234A709400355331 /* Resources */,
				84670468234A711100355331 /* Embed App Extensions */,
				84670510234A745A00355331 /* Embed Frameworks */,
				755F666423BEA32600BF7680 /* Run swiftlint */,
			);
			buildRules = (
			);
			dependencies = (
				84670463234A711100355331 /* PBXTargetDependency */,
			);
			name = HongKongKeyboardApp;
			packageProductDependencies = (
				7536672F23BD5C7A00FDB7D0 /* KeyboardKit */,
			);
			productName = HongKongKeyboardApp;
			productReference = 84670445234A709400355331 /* HongKongKeyboardApp.app */;
			productType = "com.apple.product-type.application";
		};
		8467045C234A711100355331 /* HongKongKeyboard */ = {
			isa = PBXNativeTarget;
			buildConfigurationList = 84670465234A711100355331 /* Build configuration list for PBXNativeTarget "HongKongKeyboard" */;
			buildPhases = (
				84670459234A711100355331 /* Sources */,
				8467045A234A711100355331 /* Frameworks */,
				8467045B234A711100355331 /* Resources */,
				84670515234A745E00355331 /* Embed Frameworks */,
			);
			buildRules = (
			);
			dependencies = (
			);
			name = HongKongKeyboard;
			packageProductDependencies = (
				7536673123BD619E00FDB7D0 /* KeyboardKit */,
				75877FE123C1126400DEBDC7 /* GoogleInputTools */,
			);
			productName = HongKongKeyboard;
			productReference = 8467045D234A711100355331 /* HongKongKeyboard.appex */;
			productType = "com.apple.product-type.app-extension";
		};
/* End PBXNativeTarget section */

/* Begin PBXProject section */
		OBJ_1 /* Project object */ = {
			isa = PBXProject;
			attributes = {
				LastSwiftMigration = 9999;
				LastSwiftUpdateCheck = 1100;
				LastUpgradeCheck = 1120;
				TargetAttributes = {
					84670444234A709400355331 = {
						CreatedOnToolsVersion = 11.0;
						DevelopmentTeam = 93GG4JCXTB;
						ProvisioningStyle = Automatic;
					};
					8467045C234A711100355331 = {
						CreatedOnToolsVersion = 11.0;
						DevelopmentTeam = 93GG4JCXTB;
						ProvisioningStyle = Automatic;
					};
				};
			};
			buildConfigurationList = OBJ_2 /* Build configuration list for PBXProject "HongKongKeyboard" */;
			compatibilityVersion = "Xcode 3.2";
			developmentRegion = en;
			hasScannedForEncodings = 0;
			knownRegions = (
				en,
				Base,
			);
			mainGroup = OBJ_5;
			packageReferences = (
				7536672E23BD5C7A00FDB7D0 /* XCRemoteSwiftPackageReference "KeyboardKit" */,
			);
			productRefGroup = OBJ_231 /* Products */;
			projectDirPath = "";
			projectRoot = "";
			targets = (
				84670444234A709400355331 /* HongKongKeyboardApp */,
				8467045C234A711100355331 /* HongKongKeyboard */,
			);
		};
/* End PBXProject section */

/* Begin PBXResourcesBuildPhase section */
		84670443234A709400355331 /* Resources */ = {
			isa = PBXResourcesBuildPhase;
			buildActionMask = 2147483647;
			files = (
				84670489234A718C00355331 /* Colors.xcassets in Resources */,
				8467048A234A718C00355331 /* Images.xcassets in Resources */,
				84670454234A709500355331 /* LaunchScreen.storyboard in Resources */,
				8467044F234A709400355331 /* Main.storyboard in Resources */,
			);
			runOnlyForDeploymentPostprocessing = 0;
		};
		8467045B234A711100355331 /* Resources */ = {
			isa = PBXResourcesBuildPhase;
			buildActionMask = 2147483647;
			files = (
				846704C0234A727F00355331 /* Images.xcassets in Resources */,
				846704B5234A725300355331 /* HongKongKeyboardButton.xib in Resources */,
				846704BF234A727F00355331 /* Colors.xcassets in Resources */,
			);
			runOnlyForDeploymentPostprocessing = 0;
		};
/* End PBXResourcesBuildPhase section */

/* Begin PBXShellScriptBuildPhase section */
		755F666423BEA32600BF7680 /* Run swiftlint */ = {
			isa = PBXShellScriptBuildPhase;
			buildActionMask = 2147483647;
			files = (
			);
			inputFileListPaths = (
			);
			inputPaths = (
			);
			name = "Run swiftlint";
			outputFileListPaths = (
			);
			outputPaths = (
			);
			runOnlyForDeploymentPostprocessing = 0;
			shellPath = /bin/sh;
			shellScript = "if which swiftlint >/dev/null; then\n  swiftlint\nelse\n  echo \"warning: SwiftLint not installed, download from https://github.com/realm/SwiftLint\"\nfi\n";
		};
/* End PBXShellScriptBuildPhase section */

/* Begin PBXSourcesBuildPhase section */
		84670441234A709400355331 /* Sources */ = {
			isa = PBXSourcesBuildPhase;
			buildActionMask = 2147483647;
			files = (
				8467044C234A709400355331 /* ViewController.swift in Sources */,
				84670448234A709400355331 /* AppDelegate.swift in Sources */,
				84670488234A718C00355331 /* Assets.swift in Sources */,
				8467044A234A709400355331 /* SceneDelegate.swift in Sources */,
			);
			runOnlyForDeploymentPostprocessing = 0;
		};
		84670459234A711100355331 /* Sources */ = {
			isa = PBXSourcesBuildPhase;
			buildActionMask = 2147483647;
			files = (
				846704B7234A725300355331 /* NumericKeyboard.swift in Sources */,
				84086E3423558C0F0030D95A /* KeyboardViewController+Setup.swift in Sources */,
				846704BE234A727F00355331 /* Assets.swift in Sources */,
				846704B3234A725300355331 /* HongKongKeyboardActionHandler.swift in Sources */,
				846704B6234A725300355331 /* HongKongAutocompleteLabel.swift in Sources */,
				846704BA234A725300355331 /* HongKongKeyboard.swift in Sources */,
				846704B4234A725300355331 /* HongKongKeyboardButton.swift in Sources */,
				846704B9234A725300355331 /* SymbolicKeyboard.swift in Sources */,
				84086E32235588200030D95A /* KeyboardViewController+Autocomplete.swift in Sources */,
				84670460234A711100355331 /* KeyboardViewController.swift in Sources */,
				84086E30235587DC0030D95A /* KeyboardViewController+Buttons.swift in Sources */,
				846704B8234A725300355331 /* AlphabeticKeyboard.swift in Sources */,
			);
			runOnlyForDeploymentPostprocessing = 0;
		};
/* End PBXSourcesBuildPhase section */

/* Begin PBXTargetDependency section */
		84670463234A711100355331 /* PBXTargetDependency */ = {
			isa = PBXTargetDependency;
			target = 8467045C234A711100355331 /* HongKongKeyboard */;
			targetProxy = 84670462234A711100355331 /* PBXContainerItemProxy */;
		};
/* End PBXTargetDependency section */

/* Begin PBXVariantGroup section */
		8467044D234A709400355331 /* Main.storyboard */ = {
			isa = PBXVariantGroup;
			children = (
				8467044E234A709400355331 /* Base */,
			);
			name = Main.storyboard;
			sourceTree = "<group>";
		};
		84670452234A709500355331 /* LaunchScreen.storyboard */ = {
			isa = PBXVariantGroup;
			children = (
				84670453234A709500355331 /* Base */,
			);
			name = LaunchScreen.storyboard;
			sourceTree = "<group>";
		};
/* End PBXVariantGroup section */

/* Begin XCBuildConfiguration section */
		84670457234A709500355331 /* Debug */ = {
			isa = XCBuildConfiguration;
			buildSettings = {
				ALWAYS_EMBED_SWIFT_STANDARD_LIBRARIES = YES;
				ALWAYS_SEARCH_USER_PATHS = NO;
				ASSETCATALOG_COMPILER_APPICON_NAME = AppIcon;
				CLANG_ANALYZER_NONNULL = YES;
				CLANG_ANALYZER_NUMBER_OBJECT_CONVERSION = YES_AGGRESSIVE;
				CLANG_CXX_LANGUAGE_STANDARD = "gnu++14";
				CLANG_CXX_LIBRARY = "libc++";
				CLANG_ENABLE_MODULES = YES;
				CLANG_ENABLE_OBJC_WEAK = YES;
				CLANG_WARN_BLOCK_CAPTURE_AUTORELEASING = YES;
				CLANG_WARN_BOOL_CONVERSION = YES;
				CLANG_WARN_COMMA = YES;
				CLANG_WARN_CONSTANT_CONVERSION = YES;
				CLANG_WARN_DEPRECATED_OBJC_IMPLEMENTATIONS = YES;
				CLANG_WARN_DIRECT_OBJC_ISA_USAGE = YES_ERROR;
				CLANG_WARN_DOCUMENTATION_COMMENTS = YES;
				CLANG_WARN_EMPTY_BODY = YES;
				CLANG_WARN_ENUM_CONVERSION = YES;
				CLANG_WARN_INFINITE_RECURSION = YES;
				CLANG_WARN_INT_CONVERSION = YES;
				CLANG_WARN_NON_LITERAL_NULL_CONVERSION = YES;
				CLANG_WARN_OBJC_IMPLICIT_RETAIN_SELF = YES;
				CLANG_WARN_OBJC_LITERAL_CONVERSION = YES;
				CLANG_WARN_OBJC_ROOT_CLASS = YES_ERROR;
				CLANG_WARN_RANGE_LOOP_ANALYSIS = YES;
				CLANG_WARN_STRICT_PROTOTYPES = YES;
				CLANG_WARN_SUSPICIOUS_MOVE = YES;
				CLANG_WARN_UNGUARDED_AVAILABILITY = YES_AGGRESSIVE;
				CLANG_WARN_UNREACHABLE_CODE = YES;
				CLANG_WARN__DUPLICATE_METHOD_MATCH = YES;
				CODE_SIGN_STYLE = Automatic;
				DEVELOPMENT_TEAM = 93GG4JCXTB;
				ENABLE_STRICT_OBJC_MSGSEND = YES;
				ENABLE_TESTABILITY = YES;
				GCC_C_LANGUAGE_STANDARD = gnu11;
				GCC_DYNAMIC_NO_PIC = NO;
				GCC_NO_COMMON_BLOCKS = YES;
				GCC_PREPROCESSOR_DEFINITIONS = (
					"DEBUG=1",
					"$(inherited)",
				);
				GCC_WARN_64_TO_32_BIT_CONVERSION = YES;
				GCC_WARN_ABOUT_RETURN_TYPE = YES_ERROR;
				GCC_WARN_UNDECLARED_SELECTOR = YES;
				GCC_WARN_UNINITIALIZED_AUTOS = YES_AGGRESSIVE;
				GCC_WARN_UNUSED_FUNCTION = YES;
				GCC_WARN_UNUSED_VARIABLE = YES;
				INFOPLIST_FILE = HongKongKeyboardApp/Info.plist;
				LD_RUNPATH_SEARCH_PATHS = (
					"$(inherited)",
					"@executable_path/Frameworks",
				);
				MTL_ENABLE_DEBUG_INFO = INCLUDE_SOURCE;
				MTL_FAST_MATH = YES;
				PRODUCT_BUNDLE_IDENTIFIER = com.github.slam.HongKongKeyboardApp;
				PRODUCT_NAME = "$(TARGET_NAME)";
				SWIFT_ACTIVE_COMPILATION_CONDITIONS = DEBUG;
				SWIFT_VERSION = 5.0;
				TARGETED_DEVICE_FAMILY = "1,2";
			};
			name = Debug;
		};
		84670458234A709500355331 /* Release */ = {
			isa = XCBuildConfiguration;
			buildSettings = {
				ALWAYS_EMBED_SWIFT_STANDARD_LIBRARIES = YES;
				ALWAYS_SEARCH_USER_PATHS = NO;
				ASSETCATALOG_COMPILER_APPICON_NAME = AppIcon;
				CLANG_ANALYZER_NONNULL = YES;
				CLANG_ANALYZER_NUMBER_OBJECT_CONVERSION = YES_AGGRESSIVE;
				CLANG_CXX_LANGUAGE_STANDARD = "gnu++14";
				CLANG_CXX_LIBRARY = "libc++";
				CLANG_ENABLE_MODULES = YES;
				CLANG_ENABLE_OBJC_WEAK = YES;
				CLANG_WARN_BLOCK_CAPTURE_AUTORELEASING = YES;
				CLANG_WARN_BOOL_CONVERSION = YES;
				CLANG_WARN_COMMA = YES;
				CLANG_WARN_CONSTANT_CONVERSION = YES;
				CLANG_WARN_DEPRECATED_OBJC_IMPLEMENTATIONS = YES;
				CLANG_WARN_DIRECT_OBJC_ISA_USAGE = YES_ERROR;
				CLANG_WARN_DOCUMENTATION_COMMENTS = YES;
				CLANG_WARN_EMPTY_BODY = YES;
				CLANG_WARN_ENUM_CONVERSION = YES;
				CLANG_WARN_INFINITE_RECURSION = YES;
				CLANG_WARN_INT_CONVERSION = YES;
				CLANG_WARN_NON_LITERAL_NULL_CONVERSION = YES;
				CLANG_WARN_OBJC_IMPLICIT_RETAIN_SELF = YES;
				CLANG_WARN_OBJC_LITERAL_CONVERSION = YES;
				CLANG_WARN_OBJC_ROOT_CLASS = YES_ERROR;
				CLANG_WARN_RANGE_LOOP_ANALYSIS = YES;
				CLANG_WARN_STRICT_PROTOTYPES = YES;
				CLANG_WARN_SUSPICIOUS_MOVE = YES;
				CLANG_WARN_UNGUARDED_AVAILABILITY = YES_AGGRESSIVE;
				CLANG_WARN_UNREACHABLE_CODE = YES;
				CLANG_WARN__DUPLICATE_METHOD_MATCH = YES;
				CODE_SIGN_STYLE = Automatic;
				COPY_PHASE_STRIP = NO;
				DEVELOPMENT_TEAM = 93GG4JCXTB;
				ENABLE_NS_ASSERTIONS = NO;
				ENABLE_STRICT_OBJC_MSGSEND = YES;
				GCC_C_LANGUAGE_STANDARD = gnu11;
				GCC_NO_COMMON_BLOCKS = YES;
				GCC_WARN_64_TO_32_BIT_CONVERSION = YES;
				GCC_WARN_ABOUT_RETURN_TYPE = YES_ERROR;
				GCC_WARN_UNDECLARED_SELECTOR = YES;
				GCC_WARN_UNINITIALIZED_AUTOS = YES_AGGRESSIVE;
				GCC_WARN_UNUSED_FUNCTION = YES;
				GCC_WARN_UNUSED_VARIABLE = YES;
				INFOPLIST_FILE = HongKongKeyboardApp/Info.plist;
				LD_RUNPATH_SEARCH_PATHS = (
					"$(inherited)",
					"@executable_path/Frameworks",
				);
				MTL_ENABLE_DEBUG_INFO = NO;
				MTL_FAST_MATH = YES;
				PRODUCT_BUNDLE_IDENTIFIER = com.github.slam.HongKongKeyboardApp;
				PRODUCT_NAME = "$(TARGET_NAME)";
				SWIFT_VERSION = 5.0;
				TARGETED_DEVICE_FAMILY = "1,2";
				VALIDATE_PRODUCT = YES;
			};
			name = Release;
		};
		84670466234A711100355331 /* Debug */ = {
			isa = XCBuildConfiguration;
			buildSettings = {
				ALWAYS_SEARCH_USER_PATHS = NO;
				CLANG_ANALYZER_NONNULL = YES;
				CLANG_ANALYZER_NUMBER_OBJECT_CONVERSION = YES_AGGRESSIVE;
				CLANG_CXX_LANGUAGE_STANDARD = "gnu++14";
				CLANG_CXX_LIBRARY = "libc++";
				CLANG_ENABLE_MODULES = YES;
				CLANG_ENABLE_OBJC_WEAK = YES;
				CLANG_WARN_BLOCK_CAPTURE_AUTORELEASING = YES;
				CLANG_WARN_BOOL_CONVERSION = YES;
				CLANG_WARN_COMMA = YES;
				CLANG_WARN_CONSTANT_CONVERSION = YES;
				CLANG_WARN_DEPRECATED_OBJC_IMPLEMENTATIONS = YES;
				CLANG_WARN_DIRECT_OBJC_ISA_USAGE = YES_ERROR;
				CLANG_WARN_DOCUMENTATION_COMMENTS = YES;
				CLANG_WARN_EMPTY_BODY = YES;
				CLANG_WARN_ENUM_CONVERSION = YES;
				CLANG_WARN_INFINITE_RECURSION = YES;
				CLANG_WARN_INT_CONVERSION = YES;
				CLANG_WARN_NON_LITERAL_NULL_CONVERSION = YES;
				CLANG_WARN_OBJC_IMPLICIT_RETAIN_SELF = YES;
				CLANG_WARN_OBJC_LITERAL_CONVERSION = YES;
				CLANG_WARN_OBJC_ROOT_CLASS = YES_ERROR;
				CLANG_WARN_RANGE_LOOP_ANALYSIS = YES;
				CLANG_WARN_STRICT_PROTOTYPES = YES;
				CLANG_WARN_SUSPICIOUS_MOVE = YES;
				CLANG_WARN_UNGUARDED_AVAILABILITY = YES_AGGRESSIVE;
				CLANG_WARN_UNREACHABLE_CODE = YES;
				CLANG_WARN__DUPLICATE_METHOD_MATCH = YES;
				CODE_SIGN_STYLE = Automatic;
				DEVELOPMENT_TEAM = 93GG4JCXTB;
				ENABLE_STRICT_OBJC_MSGSEND = YES;
				ENABLE_TESTABILITY = YES;
				GCC_C_LANGUAGE_STANDARD = gnu11;
				GCC_DYNAMIC_NO_PIC = NO;
				GCC_NO_COMMON_BLOCKS = YES;
				GCC_PREPROCESSOR_DEFINITIONS = (
					"DEBUG=1",
					"$(inherited)",
				);
				GCC_WARN_64_TO_32_BIT_CONVERSION = YES;
				GCC_WARN_ABOUT_RETURN_TYPE = YES_ERROR;
				GCC_WARN_UNDECLARED_SELECTOR = YES;
				GCC_WARN_UNINITIALIZED_AUTOS = YES_AGGRESSIVE;
				GCC_WARN_UNUSED_FUNCTION = YES;
				GCC_WARN_UNUSED_VARIABLE = YES;
				INFOPLIST_FILE = HongKongKeyboard/Info.plist;
				LD_RUNPATH_SEARCH_PATHS = (
					"$(inherited)",
					"@executable_path/Frameworks",
					"@executable_path/../../Frameworks",
				);
				MTL_ENABLE_DEBUG_INFO = INCLUDE_SOURCE;
				MTL_FAST_MATH = YES;
				PRODUCT_BUNDLE_IDENTIFIER = com.github.slam.HongKongKeyboardApp.HongKongKeyboard;
				PRODUCT_NAME = "$(TARGET_NAME)";
				SKIP_INSTALL = YES;
				SWIFT_ACTIVE_COMPILATION_CONDITIONS = DEBUG;
				SWIFT_VERSION = 5.0;
				TARGETED_DEVICE_FAMILY = "1,2";
			};
			name = Debug;
		};
		84670467234A711100355331 /* Release */ = {
			isa = XCBuildConfiguration;
			buildSettings = {
				ALWAYS_SEARCH_USER_PATHS = NO;
				CLANG_ANALYZER_NONNULL = YES;
				CLANG_ANALYZER_NUMBER_OBJECT_CONVERSION = YES_AGGRESSIVE;
				CLANG_CXX_LANGUAGE_STANDARD = "gnu++14";
				CLANG_CXX_LIBRARY = "libc++";
				CLANG_ENABLE_MODULES = YES;
				CLANG_ENABLE_OBJC_WEAK = YES;
				CLANG_WARN_BLOCK_CAPTURE_AUTORELEASING = YES;
				CLANG_WARN_BOOL_CONVERSION = YES;
				CLANG_WARN_COMMA = YES;
				CLANG_WARN_CONSTANT_CONVERSION = YES;
				CLANG_WARN_DEPRECATED_OBJC_IMPLEMENTATIONS = YES;
				CLANG_WARN_DIRECT_OBJC_ISA_USAGE = YES_ERROR;
				CLANG_WARN_DOCUMENTATION_COMMENTS = YES;
				CLANG_WARN_EMPTY_BODY = YES;
				CLANG_WARN_ENUM_CONVERSION = YES;
				CLANG_WARN_INFINITE_RECURSION = YES;
				CLANG_WARN_INT_CONVERSION = YES;
				CLANG_WARN_NON_LITERAL_NULL_CONVERSION = YES;
				CLANG_WARN_OBJC_IMPLICIT_RETAIN_SELF = YES;
				CLANG_WARN_OBJC_LITERAL_CONVERSION = YES;
				CLANG_WARN_OBJC_ROOT_CLASS = YES_ERROR;
				CLANG_WARN_RANGE_LOOP_ANALYSIS = YES;
				CLANG_WARN_STRICT_PROTOTYPES = YES;
				CLANG_WARN_SUSPICIOUS_MOVE = YES;
				CLANG_WARN_UNGUARDED_AVAILABILITY = YES_AGGRESSIVE;
				CLANG_WARN_UNREACHABLE_CODE = YES;
				CLANG_WARN__DUPLICATE_METHOD_MATCH = YES;
				CODE_SIGN_STYLE = Automatic;
				COPY_PHASE_STRIP = NO;
				DEVELOPMENT_TEAM = 93GG4JCXTB;
				ENABLE_NS_ASSERTIONS = NO;
				ENABLE_STRICT_OBJC_MSGSEND = YES;
				GCC_C_LANGUAGE_STANDARD = gnu11;
				GCC_NO_COMMON_BLOCKS = YES;
				GCC_WARN_64_TO_32_BIT_CONVERSION = YES;
				GCC_WARN_ABOUT_RETURN_TYPE = YES_ERROR;
				GCC_WARN_UNDECLARED_SELECTOR = YES;
				GCC_WARN_UNINITIALIZED_AUTOS = YES_AGGRESSIVE;
				GCC_WARN_UNUSED_FUNCTION = YES;
				GCC_WARN_UNUSED_VARIABLE = YES;
				INFOPLIST_FILE = HongKongKeyboard/Info.plist;
				LD_RUNPATH_SEARCH_PATHS = (
					"$(inherited)",
					"@executable_path/Frameworks",
					"@executable_path/../../Frameworks",
				);
				MTL_ENABLE_DEBUG_INFO = NO;
				MTL_FAST_MATH = YES;
				PRODUCT_BUNDLE_IDENTIFIER = com.github.slam.HongKongKeyboardApp.HongKongKeyboard;
				PRODUCT_NAME = "$(TARGET_NAME)";
				SKIP_INSTALL = YES;
				SWIFT_VERSION = 5.0;
				TARGETED_DEVICE_FAMILY = "1,2";
				VALIDATE_PRODUCT = YES;
			};
			name = Release;
		};
		OBJ_3 /* Debug */ = {
			isa = XCBuildConfiguration;
			buildSettings = {
				CLANG_ENABLE_OBJC_ARC = YES;
				CLANG_WARN_BLOCK_CAPTURE_AUTORELEASING = YES;
				CLANG_WARN_BOOL_CONVERSION = YES;
				CLANG_WARN_COMMA = YES;
				CLANG_WARN_CONSTANT_CONVERSION = YES;
				CLANG_WARN_DEPRECATED_OBJC_IMPLEMENTATIONS = YES;
				CLANG_WARN_EMPTY_BODY = YES;
				CLANG_WARN_ENUM_CONVERSION = YES;
				CLANG_WARN_INFINITE_RECURSION = YES;
				CLANG_WARN_INT_CONVERSION = YES;
				CLANG_WARN_NON_LITERAL_NULL_CONVERSION = YES;
				CLANG_WARN_OBJC_IMPLICIT_RETAIN_SELF = YES;
				CLANG_WARN_OBJC_LITERAL_CONVERSION = YES;
				CLANG_WARN_RANGE_LOOP_ANALYSIS = YES;
				CLANG_WARN_STRICT_PROTOTYPES = YES;
				CLANG_WARN_SUSPICIOUS_MOVE = YES;
				CLANG_WARN_UNREACHABLE_CODE = YES;
				CLANG_WARN__DUPLICATE_METHOD_MATCH = YES;
				COMBINE_HIDPI_IMAGES = YES;
				COPY_PHASE_STRIP = NO;
				DEBUG_INFORMATION_FORMAT = dwarf;
				DYLIB_INSTALL_NAME_BASE = "@rpath";
				ENABLE_NS_ASSERTIONS = YES;
				ENABLE_STRICT_OBJC_MSGSEND = YES;
				ENABLE_TESTABILITY = YES;
				GCC_NO_COMMON_BLOCKS = YES;
				GCC_OPTIMIZATION_LEVEL = 0;
				GCC_PREPROCESSOR_DEFINITIONS = (
					"$(inherited)",
					"SWIFT_PACKAGE=1",
					"DEBUG=1",
				);
				GCC_WARN_64_TO_32_BIT_CONVERSION = YES;
				GCC_WARN_ABOUT_RETURN_TYPE = YES;
				GCC_WARN_UNDECLARED_SELECTOR = YES;
				GCC_WARN_UNINITIALIZED_AUTOS = YES;
				GCC_WARN_UNUSED_FUNCTION = YES;
				GCC_WARN_UNUSED_VARIABLE = YES;
				IPHONEOS_DEPLOYMENT_TARGET = 11.0;
				ONLY_ACTIVE_ARCH = YES;
				OTHER_SWIFT_FLAGS = "$(inherited) -DXcode";
				PRODUCT_NAME = "$(TARGET_NAME)";
				SDKROOT = iphoneos;
				SUPPORTED_PLATFORMS = "iphoneos iphonesimulator";
				SWIFT_ACTIVE_COMPILATION_CONDITIONS = "$(inherited) SWIFT_PACKAGE DEBUG";
				SWIFT_OPTIMIZATION_LEVEL = "-Onone";
				USE_HEADERMAP = NO;
			};
			name = Debug;
		};
		OBJ_4 /* Release */ = {
			isa = XCBuildConfiguration;
			buildSettings = {
				CLANG_ENABLE_OBJC_ARC = YES;
				CLANG_WARN_BLOCK_CAPTURE_AUTORELEASING = YES;
				CLANG_WARN_BOOL_CONVERSION = YES;
				CLANG_WARN_COMMA = YES;
				CLANG_WARN_CONSTANT_CONVERSION = YES;
				CLANG_WARN_DEPRECATED_OBJC_IMPLEMENTATIONS = YES;
				CLANG_WARN_EMPTY_BODY = YES;
				CLANG_WARN_ENUM_CONVERSION = YES;
				CLANG_WARN_INFINITE_RECURSION = YES;
				CLANG_WARN_INT_CONVERSION = YES;
				CLANG_WARN_NON_LITERAL_NULL_CONVERSION = YES;
				CLANG_WARN_OBJC_IMPLICIT_RETAIN_SELF = YES;
				CLANG_WARN_OBJC_LITERAL_CONVERSION = YES;
				CLANG_WARN_RANGE_LOOP_ANALYSIS = YES;
				CLANG_WARN_STRICT_PROTOTYPES = YES;
				CLANG_WARN_SUSPICIOUS_MOVE = YES;
				CLANG_WARN_UNREACHABLE_CODE = YES;
				CLANG_WARN__DUPLICATE_METHOD_MATCH = YES;
				COMBINE_HIDPI_IMAGES = YES;
				COPY_PHASE_STRIP = YES;
				DEBUG_INFORMATION_FORMAT = "dwarf-with-dsym";
				DYLIB_INSTALL_NAME_BASE = "@rpath";
				ENABLE_STRICT_OBJC_MSGSEND = YES;
				GCC_NO_COMMON_BLOCKS = YES;
				GCC_OPTIMIZATION_LEVEL = s;
				GCC_PREPROCESSOR_DEFINITIONS = (
					"$(inherited)",
					"SWIFT_PACKAGE=1",
				);
				GCC_WARN_64_TO_32_BIT_CONVERSION = YES;
				GCC_WARN_ABOUT_RETURN_TYPE = YES;
				GCC_WARN_UNDECLARED_SELECTOR = YES;
				GCC_WARN_UNINITIALIZED_AUTOS = YES;
				GCC_WARN_UNUSED_FUNCTION = YES;
				GCC_WARN_UNUSED_VARIABLE = YES;
				IPHONEOS_DEPLOYMENT_TARGET = 11.0;
				OTHER_SWIFT_FLAGS = "$(inherited) -DXcode";
				PRODUCT_NAME = "$(TARGET_NAME)";
				SDKROOT = iphoneos;
				SUPPORTED_PLATFORMS = "iphoneos iphonesimulator";
				SWIFT_ACTIVE_COMPILATION_CONDITIONS = "$(inherited) SWIFT_PACKAGE";
				SWIFT_COMPILATION_MODE = wholemodule;
				SWIFT_OPTIMIZATION_LEVEL = "-O";
				USE_HEADERMAP = NO;
			};
			name = Release;
		};
/* End XCBuildConfiguration section */

/* Begin XCConfigurationList section */
		84670456234A709500355331 /* Build configuration list for PBXNativeTarget "HongKongKeyboardApp" */ = {
			isa = XCConfigurationList;
			buildConfigurations = (
				84670457234A709500355331 /* Debug */,
				84670458234A709500355331 /* Release */,
			);
			defaultConfigurationIsVisible = 0;
			defaultConfigurationName = Release;
		};
		84670465234A711100355331 /* Build configuration list for PBXNativeTarget "HongKongKeyboard" */ = {
			isa = XCConfigurationList;
			buildConfigurations = (
				84670466234A711100355331 /* Debug */,
				84670467234A711100355331 /* Release */,
			);
			defaultConfigurationIsVisible = 0;
			defaultConfigurationName = Release;
		};
		OBJ_2 /* Build configuration list for PBXProject "HongKongKeyboard" */ = {
			isa = XCConfigurationList;
			buildConfigurations = (
				OBJ_3 /* Debug */,
				OBJ_4 /* Release */,
			);
			defaultConfigurationIsVisible = 0;
			defaultConfigurationName = Release;
		};
/* End XCConfigurationList section */

/* Begin XCRemoteSwiftPackageReference section */
		7536672E23BD5C7A00FDB7D0 /* XCRemoteSwiftPackageReference "KeyboardKit" */ = {
			isa = XCRemoteSwiftPackageReference;
			repositoryURL = "https://github.com/danielsaidi/KeyboardKit.git";
			requirement = {
				kind = exactVersion;
				version = 2.6.0;
			};
		};
/* End XCRemoteSwiftPackageReference section */

/* Begin XCSwiftPackageProductDependency section */
		7536672F23BD5C7A00FDB7D0 /* KeyboardKit */ = {
			isa = XCSwiftPackageProductDependency;
			package = 7536672E23BD5C7A00FDB7D0 /* XCRemoteSwiftPackageReference "KeyboardKit" */;
			productName = KeyboardKit;
		};
		7536673123BD619E00FDB7D0 /* KeyboardKit */ = {
			isa = XCSwiftPackageProductDependency;
			package = 7536672E23BD5C7A00FDB7D0 /* XCRemoteSwiftPackageReference "KeyboardKit" */;
			productName = KeyboardKit;
		};
		75877FE123C1126400DEBDC7 /* GoogleInputTools */ = {
			isa = XCSwiftPackageProductDependency;
			productName = GoogleInputTools;
		};
/* End XCSwiftPackageProductDependency section */
	};
	rootObject = OBJ_1 /* Project object */;
}
